
Microsoft Visual Studio Solution File, Format Version 12.00
# Visual Studio 15
VisualStudioVersion = 15.0.26730.12
MinimumVisualStudioVersion = 10.0.40219.1
Project("{FAE04EC0-301F-11D3-BF4B-00C04F79EFBC}") = "Core", "Core\Core.csproj", "{85E0CEA2-7632-46A2-971D-8FE10737203B}"
EndProject
Project("{FAE04EC0-301F-11D3-BF4B-00C04F79EFBC}") = "Common", "Common\Common.csproj", "{F456227F-D278-4090-A753-FDB7B4A54DFA}"
EndProject
Project("{FAE04EC0-301F-11D3-BF4B-00C04F79EFBC}") = "Helper", "Helper\Helper.csproj", "{D08DE029-FC57-4A84-BD3D-E45700AD886B}"
EndProject
Project("{2150E333-8FDC-42A3-9474-1A3956D46DE8}") = "EntityTiers", "EntityTiers", "{6C2D8A80-4C72-470F-9874-B2680E177A92}"
EndProject
Project("{FAE04EC0-301F-11D3-BF4B-00C04F79EFBC}") = "Entity", "Entity\Entity.csproj", "{DF6901C3-42E8-4C90-A44F-BBB8E36C811F}"
EndProject
Project("{FAE04EC0-301F-11D3-BF4B-00C04F79EFBC}") = "EntityMapping", "EntityMapping\EntityMapping.csproj", "{2832758D-BD10-447F-8F7F-EC7B08B2718E}"
EndProject
Project("{2150E333-8FDC-42A3-9474-1A3956D46DE8}") = "DalTiers", "DalTiers", "{6F09D1CB-7812-4092-B0AC-201178298DED}"
EndProject
Project("{FAE04EC0-301F-11D3-BF4B-00C04F79EFBC}") = "Dal", "Dal\Dal.csproj", "{A985639C-D465-42E1-A60E-C3AC01A786DD}"
EndProject
Project("{FAE04EC0-301F-11D3-BF4B-00C04F79EFBC}") = "Dal.Canli", "Dal.Canli\Dal.Canli.csproj", "{6D69021F-C9EA-4017-B889-8595FD202E86}"
EndProject
Project("{2150E333-8FDC-42A3-9474-1A3956D46DE8}") = "BllTiers", "BllTiers", "{1199EEF4-2748-4FEA-A7B2-D7C995723CCE}"
EndProject
Project("{FAE04EC0-301F-11D3-BF4B-00C04F79EFBC}") = "Bll.Abstract", "BllAbstract\Bll.Abstract.csproj", "{BE51FFED-9D5F-46B5-8B1D-601778C4F218}"
EndProject
Project("{FAE04EC0-301F-11D3-BF4B-00C04F79EFBC}") = "DTO's", "DTO's\DTO's.csproj", "{C134C2D6-27C6-4EF2-AB28-25849BB8D45B}"
EndProject
Project("{FAE04EC0-301F-11D3-BF4B-00C04F79EFBC}") = "Bll.Module", "Bll.Module\Bll.Module.csproj", "{65C0305B-57C0-42E2-AA6A-4CA08C341F5D}"
EndProject
Project("{FAE04EC0-301F-11D3-BF4B-00C04F79EFBC}") = "BLL", "BLL\BLL.csproj", "{C02AC7C3-861F-42FD-94B2-15CDA49B1347}"
EndProject
Global
	GlobalSection(SolutionConfigurationPlatforms) = preSolution
		Debug|Any CPU = Debug|Any CPU
		Release|Any CPU = Release|Any CPU
	EndGlobalSection
	GlobalSection(ProjectConfigurationPlatforms) = postSolution
		{85E0CEA2-7632-46A2-971D-8FE10737203B}.Debug|Any CPU.ActiveCfg = Debug|Any CPU
		{85E0CEA2-7632-46A2-971D-8FE10737203B}.Debug|Any CPU.Build.0 = Debug|Any CPU
		{85E0CEA2-7632-46A2-971D-8FE10737203B}.Release|Any CPU.ActiveCfg = Release|Any CPU
		{85E0CEA2-7632-46A2-971D-8FE10737203B}.Release|Any CPU.Build.0 = Release|Any CPU
		{F456227F-D278-4090-A753-FDB7B4A54DFA}.Debug|Any CPU.ActiveCfg = Debug|Any CPU
		{F456227F-D278-4090-A753-FDB7B4A54DFA}.Debug|Any CPU.Build.0 = Debug|Any CPU
		{F456227F-D278-4090-A753-FDB7B4A54DFA}.Release|Any CPU.ActiveCfg = Release|Any CPU
		{F456227F-D278-4090-A753-FDB7B4A54DFA}.Release|Any CPU.Build.0 = Release|Any CPU
		{D08DE029-FC57-4A84-BD3D-E45700AD886B}.Debug|Any CPU.ActiveCfg = Debug|Any CPU
		{D08DE029-FC57-4A84-BD3D-E45700AD886B}.Debug|Any CPU.Build.0 = Debug|Any CPU
		{D08DE029-FC57-4A84-BD3D-E45700AD886B}.Release|Any CPU.ActiveCfg = Release|Any CPU
		{D08DE029-FC57-4A84-BD3D-E45700AD886B}.Release|Any CPU.Build.0 = Release|Any CPU
		{DF6901C3-42E8-4C90-A44F-BBB8E36C811F}.Debug|Any CPU.ActiveCfg = Debug|Any CPU
		{DF6901C3-42E8-4C90-A44F-BBB8E36C811F}.Debug|Any CPU.Build.0 = Debug|Any CPU
		{DF6901C3-42E8-4C90-A44F-BBB8E36C811F}.Release|Any CPU.ActiveCfg = Release|Any CPU
		{DF6901C3-42E8-4C90-A44F-BBB8E36C811F}.Release|Any CPU.Build.0 = Release|Any CPU
		{2832758D-BD10-447F-8F7F-EC7B08B2718E}.Debug|Any CPU.ActiveCfg = Debug|Any CPU
		{2832758D-BD10-447F-8F7F-EC7B08B2718E}.Debug|Any CPU.Build.0 = Debug|Any CPU
		{2832758D-BD10-447F-8F7F-EC7B08B2718E}.Release|Any CPU.ActiveCfg = Release|Any CPU
		{2832758D-BD10-447F-8F7F-EC7B08B2718E}.Release|Any CPU.Build.0 = Release|Any CPU
		{A985639C-D465-42E1-A60E-C3AC01A786DD}.Debug|Any CPU.ActiveCfg = Debug|Any CPU
		{A985639C-D465-42E1-A60E-C3AC01A786DD}.Debug|Any CPU.Build.0 = Debug|Any CPU
		{A985639C-D465-42E1-A60E-C3AC01A786DD}.Release|Any CPU.ActiveCfg = Release|Any CPU
		{A985639C-D465-42E1-A60E-C3AC01A786DD}.Release|Any CPU.Build.0 = Release|Any CPU
		{6D69021F-C9EA-4017-B889-8595FD202E86}.Debug|Any CPU.ActiveCfg = Debug|Any CPU
		{6D69021F-C9EA-4017-B889-8595FD202E86}.Debug|Any CPU.Build.0 = Debug|Any CPU
		{6D69021F-C9EA-4017-B889-8595FD202E86}.Release|Any CPU.ActiveCfg = Release|Any CPU
		{6D69021F-C9EA-4017-B889-8595FD202E86}.Release|Any CPU.Build.0 = Release|Any CPU
		{BE51FFED-9D5F-46B5-8B1D-601778C4F218}.Debug|Any CPU.ActiveCfg = Debug|Any CPU
		{BE51FFED-9D5F-46B5-8B1D-601778C4F218}.Debug|Any CPU.Build.0 = Debug|Any CPU
		{BE51FFED-9D5F-46B5-8B1D-601778C4F218}.Release|Any CPU.ActiveCfg = Release|Any CPU
		{BE51FFED-9D5F-46B5-8B1D-601778C4F218}.Release|Any CPU.Build.0 = Release|Any CPU
		{C134C2D6-27C6-4EF2-AB28-25849BB8D45B}.Debug|Any CPU.ActiveCfg = Debug|Any CPU
		{C134C2D6-27C6-4EF2-AB28-25849BB8D45B}.Debug|Any CPU.Build.0 = Debug|Any CPU
		{C134C2D6-27C6-4EF2-AB28-25849BB8D45B}.Release|Any CPU.ActiveCfg = Release|Any CPU
		{C134C2D6-27C6-4EF2-AB28-25849BB8D45B}.Release|Any CPU.Build.0 = Release|Any CPU
		{65C0305B-57C0-42E2-AA6A-4CA08C341F5D}.Debug|Any CPU.ActiveCfg = Debug|Any CPU
		{65C0305B-57C0-42E2-AA6A-4CA08C341F5D}.Debug|Any CPU.Build.0 = Debug|Any CPU
		{65C0305B-57C0-42E2-AA6A-4CA08C341F5D}.Release|Any CPU.ActiveCfg = Release|Any CPU
		{65C0305B-57C0-42E2-AA6A-4CA08C341F5D}.Release|Any CPU.Build.0 = Release|Any CPU
		{C02AC7C3-861F-42FD-94B2-15CDA49B1347}.Debug|Any CPU.ActiveCfg = Debug|Any CPU
		{C02AC7C3-861F-42FD-94B2-15CDA49B1347}.Debug|Any CPU.Build.0 = Debug|Any CPU
		{C02AC7C3-861F-42FD-94B2-15CDA49B1347}.Release|Any CPU.ActiveCfg = Release|Any CPU
		{C02AC7C3-861F-42FD-94B2-15CDA49B1347}.Release|Any CPU.Build.0 = Release|Any CPU
	EndGlobalSection
	GlobalSection(SolutionProperties) = preSolution
		HideSolutionNode = FALSE
	EndGlobalSection
	GlobalSection(NestedProjects) = preSolution
		{DF6901C3-42E8-4C90-A44F-BBB8E36C811F} = {6C2D8A80-4C72-470F-9874-B2680E177A92}
		{2832758D-BD10-447F-8F7F-EC7B08B2718E} = {6C2D8A80-4C72-470F-9874-B2680E177A92}
		{A985639C-D465-42E1-A60E-C3AC01A786DD} = {6F09D1CB-7812-4092-B0AC-201178298DED}
		{6D69021F-C9EA-4017-B889-8595FD202E86} = {6F09D1CB-7812-4092-B0AC-201178298DED}
		{BE51FFED-9D5F-46B5-8B1D-601778C4F218} = {1199EEF4-2748-4FEA-A7B2-D7C995723CCE}
		{65C0305B-57C0-42E2-AA6A-4CA08C341F5D} = {1199EEF4-2748-4FEA-A7B2-D7C995723CCE}
		{C02AC7C3-861F-42FD-94B2-15CDA49B1347} = {1199EEF4-2748-4FEA-A7B2-D7C995723CCE}
	EndGlobalSection
	GlobalSection(ExtensibilityGlobals) = postSolution
		SolutionGuid = {112E51DB-0FA4-4F3B-9925-A6AA00EE15C8}
	EndGlobalSection
EndGlobal
